
Microsoft Visual Studio Solution File, Format Version 12.00
# Visual Studio 14
VisualStudioVersion = 14.0.23107.0
MinimumVisualStudioVersion = 10.0.40219.1
Project("{FAE04EC0-301F-11D3-BF4B-00C04F79EFBC}") = "Windy.WebMVC.DAO", "Windy.WebMVC.DAO\Windy.WebMVC.DAO.csproj", "{984ADC4B-1AE9-4CC1-A998-6FAA903A71E4}"
EndProject
Project("{FAE04EC0-301F-11D3-BF4B-00C04F79EFBC}") = "Windy.WebMVC.DAO.Tests", "Windy.WebMVC.DAO.Tests\Windy.WebMVC.DAO.Tests.csproj", "{98B8CB04-293D-4C8B-A53F-1531142D4D9F}"
EndProject
Global
	GlobalSection(SolutionConfigurationPlatforms) = preSolution
		Debug|Any CPU = Debug|Any CPU
		Debug|x86 = Debug|x86
		Release|Any CPU = Release|Any CPU
		Release|x86 = Release|x86
	EndGlobalSection
	GlobalSection(ProjectConfigurationPlatforms) = postSolution
		{984ADC4B-1AE9-4CC1-A998-6FAA903A71E4}.Debug|Any CPU.ActiveCfg = Debug|Any CPU
		{984ADC4B-1AE9-4CC1-A998-6FAA903A71E4}.Debug|Any CPU.Build.0 = Debug|Any CPU
		{984ADC4B-1AE9-4CC1-A998-6FAA903A71E4}.Debug|x86.ActiveCfg = Debug|x86
		{984ADC4B-1AE9-4CC1-A998-6FAA903A71E4}.Debug|x86.Build.0 = Debug|x86
		{984ADC4B-1AE9-4CC1-A998-6FAA903A71E4}.Release|Any CPU.ActiveCfg = Release|Any CPU
		{984ADC4B-1AE9-4CC1-A998-6FAA903A71E4}.Release|Any CPU.Build.0 = Release|Any CPU
		{984ADC4B-1AE9-4CC1-A998-6FAA903A71E4}.Release|x86.ActiveCfg = Release|x86
		{984ADC4B-1AE9-4CC1-A998-6FAA903A71E4}.Release|x86.Build.0 = Release|x86
		{98B8CB04-293D-4C8B-A53F-1531142D4D9F}.Debug|Any CPU.ActiveCfg = Debug|Any CPU
		{98B8CB04-293D-4C8B-A53F-1531142D4D9F}.Debug|Any CPU.Build.0 = Debug|Any CPU
		{98B8CB04-293D-4C8B-A53F-1531142D4D9F}.Debug|x86.ActiveCfg = Debug|Any CPU
		{98B8CB04-293D-4C8B-A53F-1531142D4D9F}.Debug|x86.Build.0 = Debug|Any CPU
		{98B8CB04-293D-4C8B-A53F-1531142D4D9F}.Release|Any CPU.ActiveCfg = Release|Any CPU
		{98B8CB04-293D-4C8B-A53F-1531142D4D9F}.Release|Any CPU.Build.0 = Release|Any CPU
		{98B8CB04-293D-4C8B-A53F-1531142D4D9F}.Release|x86.ActiveCfg = Release|Any CPU
		{98B8CB04-293D-4C8B-A53F-1531142D4D9F}.Release|x86.Build.0 = Release|Any CPU
	EndGlobalSection
	GlobalSection(SolutionProperties) = preSolution
		HideSolutionNode = FALSE
	EndGlobalSection
EndGlobal
